{
  "name": "pretty_urls",
  "version": "1.0.0",
  "lockfileVersion": 1,
  "requires": true,
  "dependencies": {
    "vanilla-router": {
      "version": "1.2.5",
      "resolved": "https://registry.npmjs.org/vanilla-router/-/vanilla-router-1.2.5.tgz",
      "integrity": "sha512-RykZIEw7k4cZqt4CpxLzzO2qmn1wF/natk301KpycVISstyB6Mfyx+9Ykbn/8JZCjwcmXwwN6Gbi4iCYfNkh/A=="
    }
  }
}
